
Microsoft Visual Studio Solution File, Format Version 12.00
# Visual Studio 14
VisualStudioVersion = 14.0.25420.1
MinimumVisualStudioVersion = 10.0.40219.1
Project("{2150E333-8FDC-42A3-9474-1A3956D46DE8}") = "src", "src", "{59DBF6AF-8277-40B3-A806-6FFC0467EF0D}"
EndProject
Project("{2150E333-8FDC-42A3-9474-1A3956D46DE8}") = "Solution Items", "Solution Items", "{C5069F59-DD95-476C-B2FF-0322D71AE61A}"
	ProjectSection(SolutionItems) = preProject
		global.json = global.json
	EndProjectSection
EndProject
Project("{8BB2217D-0F2D-49D1-97BC-3654ED321F3B}") = "Microsoft.AspectCore.WebSockets", "src\Microsoft.AspectCore.WebSockets\Microsoft.AspectCore.WebSockets.xproj", "{2E70C208-32D1-4F83-8A0C-365BC5E2153F}"
EndProject
Project("{2150E333-8FDC-42A3-9474-1A3956D46DE8}") = "test", "test", "{C955673B-3ECD-4228-96B0-D69E6D607102}"
EndProject
Global
	GlobalSection(SolutionConfigurationPlatforms) = preSolution
		Debug|Any CPU = Debug|Any CPU
		Release|Any CPU = Release|Any CPU
	EndGlobalSection
	GlobalSection(ProjectConfigurationPlatforms) = postSolution
		{2E70C208-32D1-4F83-8A0C-365BC5E2153F}.Debug|Any CPU.ActiveCfg = Debug|Any CPU
		{2E70C208-32D1-4F83-8A0C-365BC5E2153F}.Debug|Any CPU.Build.0 = Debug|Any CPU
		{2E70C208-32D1-4F83-8A0C-365BC5E2153F}.Release|Any CPU.ActiveCfg = Release|Any CPU
		{2E70C208-32D1-4F83-8A0C-365BC5E2153F}.Release|Any CPU.Build.0 = Release|Any CPU
	EndGlobalSection
	GlobalSection(SolutionProperties) = preSolution
		HideSolutionNode = FALSE
	EndGlobalSection
	GlobalSection(NestedProjects) = preSolution
		{2E70C208-32D1-4F83-8A0C-365BC5E2153F} = {59DBF6AF-8277-40B3-A806-6FFC0467EF0D}
	EndGlobalSection
EndGlobal
